
Microsoft Visual Studio Solution File, Format Version 12.00
# Visual Studio 15
VisualStudioVersion = 15.0.28307.852
MinimumVisualStudioVersion = 10.0.40219.1
Project("{FAE04EC0-301F-11D3-BF4B-00C04F79EFBC}") = "MVCTutorial", "MVCTutorial\MVCTutorial.csproj", "{05F862CB-C234-4F1A-B520-4977B4038FF7}"
EndProject
Project("{FAE04EC0-301F-11D3-BF4B-00C04F79EFBC}") = "MVCTutorial.Business", "MVCTutorial.Business\MVCTutorial.Business.csproj", "{DAF450C8-2872-4E29-80F8-6C7B8BE64271}"
EndProject
Project("{FAE04EC0-301F-11D3-BF4B-00C04F79EFBC}") = "MVCTutorial.Domain", "MVCTutorial.Domain\MVCTutorial.Domain.csproj", "{19DB2999-B664-40C4-8128-0DF9C3D88DE7}"
EndProject
Project("{FAE04EC0-301F-11D3-BF4B-00C04F79EFBC}") = "MVCTutorial.Repository", "MVCTutorial.Repository\MVCTutorial.Repository.csproj", "{E7D28E3C-E01D-473C-A1FF-5A006DC51D9C}"
EndProject
Project("{FAE04EC0-301F-11D3-BF4B-00C04F79EFBC}") = "WebForm", "WebForm\WebForm.csproj", "{56C28CAC-7C00-4A3D-8ED3-C7B3AE21268C}"
EndProject
Project("{FAE04EC0-301F-11D3-BF4B-00C04F79EFBC}") = "ConsoleApp1", "ConsoleApp1\ConsoleApp1.csproj", "{0EA37194-D25F-406D-8C68-97A23F62CAD3}"
EndProject
Global
	GlobalSection(SolutionConfigurationPlatforms) = preSolution
		Debug|Any CPU = Debug|Any CPU
		Release|Any CPU = Release|Any CPU
	EndGlobalSection
	GlobalSection(ProjectConfigurationPlatforms) = postSolution
		{05F862CB-C234-4F1A-B520-4977B4038FF7}.Debug|Any CPU.ActiveCfg = Debug|Any CPU
		{05F862CB-C234-4F1A-B520-4977B4038FF7}.Debug|Any CPU.Build.0 = Debug|Any CPU
		{05F862CB-C234-4F1A-B520-4977B4038FF7}.Release|Any CPU.ActiveCfg = Release|Any CPU
		{05F862CB-C234-4F1A-B520-4977B4038FF7}.Release|Any CPU.Build.0 = Release|Any CPU
		{DAF450C8-2872-4E29-80F8-6C7B8BE64271}.Debug|Any CPU.ActiveCfg = Debug|Any CPU
		{DAF450C8-2872-4E29-80F8-6C7B8BE64271}.Debug|Any CPU.Build.0 = Debug|Any CPU
		{DAF450C8-2872-4E29-80F8-6C7B8BE64271}.Release|Any CPU.ActiveCfg = Release|Any CPU
		{DAF450C8-2872-4E29-80F8-6C7B8BE64271}.Release|Any CPU.Build.0 = Release|Any CPU
		{19DB2999-B664-40C4-8128-0DF9C3D88DE7}.Debug|Any CPU.ActiveCfg = Debug|Any CPU
		{19DB2999-B664-40C4-8128-0DF9C3D88DE7}.Debug|Any CPU.Build.0 = Debug|Any CPU
		{19DB2999-B664-40C4-8128-0DF9C3D88DE7}.Release|Any CPU.ActiveCfg = Release|Any CPU
		{19DB2999-B664-40C4-8128-0DF9C3D88DE7}.Release|Any CPU.Build.0 = Release|Any CPU
		{E7D28E3C-E01D-473C-A1FF-5A006DC51D9C}.Debug|Any CPU.ActiveCfg = Debug|Any CPU
		{E7D28E3C-E01D-473C-A1FF-5A006DC51D9C}.Debug|Any CPU.Build.0 = Debug|Any CPU
		{E7D28E3C-E01D-473C-A1FF-5A006DC51D9C}.Release|Any CPU.ActiveCfg = Release|Any CPU
		{E7D28E3C-E01D-473C-A1FF-5A006DC51D9C}.Release|Any CPU.Build.0 = Release|Any CPU
		{56C28CAC-7C00-4A3D-8ED3-C7B3AE21268C}.Debug|Any CPU.ActiveCfg = Debug|Any CPU
		{56C28CAC-7C00-4A3D-8ED3-C7B3AE21268C}.Debug|Any CPU.Build.0 = Debug|Any CPU
		{56C28CAC-7C00-4A3D-8ED3-C7B3AE21268C}.Release|Any CPU.ActiveCfg = Release|Any CPU
		{56C28CAC-7C00-4A3D-8ED3-C7B3AE21268C}.Release|Any CPU.Build.0 = Release|Any CPU
		{0EA37194-D25F-406D-8C68-97A23F62CAD3}.Debug|Any CPU.ActiveCfg = Debug|Any CPU
		{0EA37194-D25F-406D-8C68-97A23F62CAD3}.Debug|Any CPU.Build.0 = Debug|Any CPU
		{0EA37194-D25F-406D-8C68-97A23F62CAD3}.Release|Any CPU.ActiveCfg = Release|Any CPU
		{0EA37194-D25F-406D-8C68-97A23F62CAD3}.Release|Any CPU.Build.0 = Release|Any CPU
	EndGlobalSection
	GlobalSection(SolutionProperties) = preSolution
		HideSolutionNode = FALSE
	EndGlobalSection
	GlobalSection(ExtensibilityGlobals) = postSolution
		SolutionGuid = {B2034309-5B70-4E04-9F49-814ED875890A}
	EndGlobalSection
EndGlobal
